
Microsoft Visual Studio Solution File, Format Version 12.00
# Visual Studio Version 16
VisualStudioVersion = 16.0.32602.291
MinimumVisualStudioVersion = 10.0.40219.1
Project("{9A19103F-16F7-4668-BE54-9A1E7A4F7556}") = "FileFilter", "FileFilter\FileFilter.csproj", "{01AC227D-CADC-4637-B6F6-B59A02061AEB}"
EndProject
Global
	GlobalSection(SolutionConfigurationPlatforms) = preSolution
		Debug|Any CPU = Debug|Any CPU
		Release|Any CPU = Release|Any CPU
	EndGlobalSection
	GlobalSection(ProjectConfigurationPlatforms) = postSolution
		{01AC227D-CADC-4637-B6F6-B59A02061AEB}.Debug|Any CPU.ActiveCfg = Debug|Any CPU
		{01AC227D-CADC-4637-B6F6-B59A02061AEB}.Debug|Any CPU.Build.0 = Debug|Any CPU
		{01AC227D-CADC-4637-B6F6-B59A02061AEB}.Release|Any CPU.ActiveCfg = Release|Any CPU
		{01AC227D-CADC-4637-B6F6-B59A02061AEB}.Release|Any CPU.Build.0 = Release|Any CPU
	EndGlobalSection
	GlobalSection(SolutionProperties) = preSolution
		HideSolutionNode = FALSE
	EndGlobalSection
	GlobalSection(ExtensibilityGlobals) = postSolution
		SolutionGuid = {4983F588-8255-4845-811C-B22BCFBBF0AE}
	EndGlobalSection
EndGlobal
