
Microsoft Visual Studio Solution File, Format Version 12.00
# Visual Studio Version 17
VisualStudioVersion = 17.3.32922.545
MinimumVisualStudioVersion = 10.0.40219.1
Project("{9A19103F-16F7-4668-BE54-9A1E7A4F7556}") = "FileFilter", "FileFilter\FileFilter.csproj", "{01AC227D-CADC-4637-B6F6-B59A02061AEB}"
EndProject
Project("{9A19103F-16F7-4668-BE54-9A1E7A4F7556}") = "LogsHandler", "LogsHandler\LogsHandler.csproj", "{094D5A28-249E-4FC4-A831-5892E926521C}"
EndProject
Project("{54435603-DBB4-11D2-8724-00A0C9A8B90C}") = "Setup", "Setup\Setup.vdproj", "{C4B4D67F-B3EE-495F-B252-9DCEDA378782}"
EndProject
Global
	GlobalSection(SolutionConfigurationPlatforms) = preSolution
		Debug|Any CPU = Debug|Any CPU
		Release|Any CPU = Release|Any CPU
	EndGlobalSection
	GlobalSection(ProjectConfigurationPlatforms) = postSolution
		{01AC227D-CADC-4637-B6F6-B59A02061AEB}.Debug|Any CPU.ActiveCfg = Debug|Any CPU
		{01AC227D-CADC-4637-B6F6-B59A02061AEB}.Debug|Any CPU.Build.0 = Debug|Any CPU
		{01AC227D-CADC-4637-B6F6-B59A02061AEB}.Release|Any CPU.ActiveCfg = Release|Any CPU
		{01AC227D-CADC-4637-B6F6-B59A02061AEB}.Release|Any CPU.Build.0 = Release|Any CPU
		{094D5A28-249E-4FC4-A831-5892E926521C}.Debug|Any CPU.ActiveCfg = Debug|Any CPU
		{094D5A28-249E-4FC4-A831-5892E926521C}.Debug|Any CPU.Build.0 = Debug|Any CPU
		{094D5A28-249E-4FC4-A831-5892E926521C}.Release|Any CPU.ActiveCfg = Release|Any CPU
		{094D5A28-249E-4FC4-A831-5892E926521C}.Release|Any CPU.Build.0 = Release|Any CPU
		{C4B4D67F-B3EE-495F-B252-9DCEDA378782}.Debug|Any CPU.ActiveCfg = Debug
		{C4B4D67F-B3EE-495F-B252-9DCEDA378782}.Release|Any CPU.ActiveCfg = Release
	EndGlobalSection
	GlobalSection(SolutionProperties) = preSolution
		HideSolutionNode = FALSE
	EndGlobalSection
	GlobalSection(ExtensibilityGlobals) = postSolution
		SolutionGuid = {4983F588-8255-4845-811C-B22BCFBBF0AE}
	EndGlobalSection
EndGlobal
